
Microsoft Visual Studio Solution File, Format Version 12.00
# Visual Studio 15
VisualStudioVersion = 15.0.28010.2016
MinimumVisualStudioVersion = 10.0.40219.1
Project("{FAE04EC0-301F-11D3-BF4B-00C04F79EFBC}") = "Calculator", "Calculator\Calculator.csproj", "{F15351F8-A37C-4CCE-B13B-9672890B961C}"
EndProject
Project("{FAE04EC0-301F-11D3-BF4B-00C04F79EFBC}") = "UnitTestProject1", "UnitTestProject1\UnitTestProject1.csproj", "{BB3EE13F-CE4C-433E-8E12-D77B7946B75E}"
EndProject
Global
	GlobalSection(SolutionConfigurationPlatforms) = preSolution
		Debug|Any CPU = Debug|Any CPU
		Release|Any CPU = Release|Any CPU
	EndGlobalSection
	GlobalSection(ProjectConfigurationPlatforms) = postSolution
		{F15351F8-A37C-4CCE-B13B-9672890B961C}.Debug|Any CPU.ActiveCfg = Debug|Any CPU
		{F15351F8-A37C-4CCE-B13B-9672890B961C}.Debug|Any CPU.Build.0 = Debug|Any CPU
		{F15351F8-A37C-4CCE-B13B-9672890B961C}.Release|Any CPU.ActiveCfg = Release|Any CPU
		{F15351F8-A37C-4CCE-B13B-9672890B961C}.Release|Any CPU.Build.0 = Release|Any CPU
		{BB3EE13F-CE4C-433E-8E12-D77B7946B75E}.Debug|Any CPU.ActiveCfg = Debug|Any CPU
		{BB3EE13F-CE4C-433E-8E12-D77B7946B75E}.Debug|Any CPU.Build.0 = Debug|Any CPU
		{BB3EE13F-CE4C-433E-8E12-D77B7946B75E}.Release|Any CPU.ActiveCfg = Release|Any CPU
		{BB3EE13F-CE4C-433E-8E12-D77B7946B75E}.Release|Any CPU.Build.0 = Release|Any CPU
	EndGlobalSection
	GlobalSection(SolutionProperties) = preSolution
		HideSolutionNode = FALSE
	EndGlobalSection
	GlobalSection(ExtensibilityGlobals) = postSolution
		SolutionGuid = {252B2BA6-8C80-48F3-AA22-5D67B824FB14}
	EndGlobalSection
EndGlobal
